// !$*UTF8*$!
{
	archiveVersion = 1;
	classes = {
	};
	objectVersion = 46;
	objects = {

/* Begin PBXBuildFile section */
		FC04827A1E2B9558006A1833 /* AppDelegate.swift in Sources */ = {isa = PBXBuildFile; fileRef = FC0482791E2B9558006A1833 /* AppDelegate.swift */; };
		FC04827C1E2B9558006A1833 /* ViewController.swift in Sources */ = {isa = PBXBuildFile; fileRef = FC04827B1E2B9558006A1833 /* ViewController.swift */; };
		FC04827F1E2B9558006A1833 /* Main.storyboard in Resources */ = {isa = PBXBuildFile; fileRef = FC04827D1E2B9558006A1833 /* Main.storyboard */; };
		FC0482811E2B9558006A1833 /* Assets.xcassets in Resources */ = {isa = PBXBuildFile; fileRef = FC0482801E2B9558006A1833 /* Assets.xcassets */; };
		FC0482841E2B9558006A1833 /* LaunchScreen.storyboard in Resources */ = {isa = PBXBuildFile; fileRef = FC0482821E2B9558006A1833 /* LaunchScreen.storyboard */; };
		FC04828C1E2B9581006A1833 /* RoundedButton.swift in Sources */ = {isa = PBXBuildFile; fileRef = FC04828B1E2B9581006A1833 /* RoundedButton.swift */; };
/* End PBXBuildFile section */

/* Begin PBXFileReference section */
		FC0482761E2B9558006A1833 /* RoundedButton.app */ = {isa = PBXFileReference; explicitFileType = wrapper.application; includeInIndex = 0; path = RoundedButton.app; sourceTree = BUILT_PRODUCTS_DIR; };
		FC0482791E2B9558006A1833 /* AppDelegate.swift */ = {isa = PBXFileReference; lastKnownFileType = sourcecode.swift; path = AppDelegate.swift; sourceTree = "<group>"; };
		FC04827B1E2B9558006A1833 /* ViewController.swift */ = {isa = PBXFileReference; lastKnownFileType = sourcecode.swift; path = ViewController.swift; sourceTree = "<group>"; };
		FC04827E1E2B9558006A1833 /* Base */ = {isa = PBXFileReference; lastKnownFileType = file.storyboard; name = Base; path = Base.lproj/Main.storyboard; sourceTree = "<group>"; };
		FC0482801E2B9558006A1833 /* Assets.xcassets */ = {isa = PBXFileReference; lastKnownFileType = folder.assetcatalog; path = Assets.xcassets; sourceTree = "<group>"; };
		FC0482831E2B9558006A1833 /* Base */ = {isa = PBXFileReference; lastKnownFileType = file.storyboard; name = Base; path = Base.lproj/LaunchScreen.storyboard; sourceTree = "<group>"; };
		FC0482851E2B9558006A1833 /* Info.plist */ = {isa = PBXFileReference; lastKnownFileType = text.plist.xml; path = Info.plist; sourceTree = "<group>"; };
		FC04828B1E2B9581006A1833 /* RoundedButton.swift */ = {isa = PBXFileReference; fileEncoding = 4; lastKnownFileType = sourcecode.swift; path = RoundedButton.swift; sourceTree = "<group>"; };
/* End PBXFileReference section */

/* Begin PBXFrameworksBuildPhase section */
		FC0482731E2B9558006A1833 /* Frameworks */ = {
			isa = PBXFrameworksBuildPhase;
			buildActionMask = 2147483647;
			files = (
			);
			runOnlyForDeploymentPostprocessing = 0;
		};
/* End PBXFrameworksBuildPhase section */

/* Begin PBXGroup section */
		FC04826D1E2B9558006A1833 = {
			isa = PBXGroup;
			children = (
				FC0482781E2B9558006A1833 /* RoundedButton */,
				FC0482771E2B9558006A1833 /* Products */,
			);
			sourceTree = "<group>";
		};
		FC0482771E2B9558006A1833 /* Products */ = {
			isa = PBXGroup;
			children = (
				FC0482761E2B9558006A1833 /* RoundedButton.app */,
			);
			name = Products;
			sourceTree = "<group>";
		};
		FC0482781E2B9558006A1833 /* RoundedButton */ = {
			isa = PBXGroup;
			children = (
				FC0482791E2B9558006A1833 /* AppDelegate.swift */,
				FC04827B1E2B9558006A1833 /* ViewController.swift */,
				FC04827D1E2B9558006A1833 /* Main.storyboard */,
				FC0482801E2B9558006A1833 /* Assets.xcassets */,
				FC0482821E2B9558006A1833 /* LaunchScreen.storyboard */,
				FC0482851E2B9558006A1833 /* Info.plist */,
				FC04828B1E2B9581006A1833 /* RoundedButton.swift */,
			);
			path = RoundedButton;
			sourceTree = "<group>";
		};
/* End PBXGroup section */

/* Begin PBXNativeTarget section */
		FC0482751E2B9558006A1833 /* RoundedButton */ = {
			isa = PBXNativeTarget;
			buildConfigurationList = FC0482881E2B9558006A1833 /* Build configuration list for PBXNativeTarget "RoundedButton" */;
			buildPhases = (
				FC0482721E2B9558006A1833 /* Sources */,
				FC0482731E2B9558006A1833 /* Frameworks */,
				FC0482741E2B9558006A1833 /* Resources */,
			);
			buildRules = (
			);
			dependencies = (
			);
			name = RoundedButton;
			productName = RoundedButton;
			productReference = FC0482761E2B9558006A1833 /* RoundedButton.app */;
			productType = "com.apple.product-type.application";
		};
/* End PBXNativeTarget section */

/* Begin PBXProject section */
		FC04826E1E2B9558006A1833 /* Project object */ = {
			isa = PBXProject;
			attributes = {
				LastSwiftUpdateCheck = 0820;
				LastUpgradeCheck = 0820;
				ORGANIZATIONNAME = JagCesar;
				TargetAttributes = {
					FC0482751E2B9558006A1833 = {
						CreatedOnToolsVersion = 8.2.1;
						DevelopmentTeam = UACPD8D292;
						ProvisioningStyle = Automatic;
					};
				};
			};
			buildConfigurationList = FC0482711E2B9558006A1833 /* Build configuration list for PBXProject "RoundedButton" */;
			compatibilityVersion = "Xcode 3.2";
			developmentRegion = English;
			hasScannedForEncodings = 0;
			knownRegions = (
				en,
				Base,
			);
			mainGroup = FC04826D1E2B9558006A1833;
			productRefGroup = FC0482771E2B9558006A1833 /* Products */;
			projectDirPath = "";
			projectRoot = "";
			targets = (
				FC0482751E2B9558006A1833 /* RoundedButton */,
			);
		};
/* End PBXProject section */

/* Begin PBXResourcesBuildPhase section */
		FC0482741E2B9558006A1833 /* Resources */ = {
			isa = PBXResourcesBuildPhase;
			buildActionMask = 2147483647;
			files = (
				FC0482841E2B9558006A1833 /* LaunchScreen.storyboard in Resources */,
				FC0482811E2B9558006A1833 /* Assets.xcassets in Resources */,
				FC04827F1E2B9558006A1833 /* Main.storyboard in Resources */,
			);
			runOnlyForDeploymentPostprocessing = 0;
		};
/* End PBXResourcesBuildPhase section */

/* Begin PBXSourcesBuildPhase section */
		FC0482721E2B9558006A1833 /* Sources */ = {
			isa = PBXSourcesBuildPhase;
			buildActionMask = 2147483647;
			files = (
				FC04827C1E2B9558006A1833 /* ViewController.swift in Sources */,
				FC04828C1E2B9581006A1833 /* RoundedButton.swift in Sources */,
				FC04827A1E2B9558006A1833 /* AppDelegate.swift in Sources */,
			);
			runOnlyForDeploymentPostprocessing = 0;
		};
/* End PBXSourcesBuildPhase section */

/* Begin PBXVariantGroup section */
		FC04827D1E2B9558006A1833 /* Main.storyboard */ = {
			isa = PBXVariantGroup;
			children = (
				FC04827E1E2B9558006A1833 /* Base */,
			);
			name = Main.storyboard;
			sourceTree = "<group>";
		};
		FC0482821E2B9558006A1833 /* LaunchScreen.storyboard */ = {
			isa = PBXVariantGroup;
			children = (
				FC0482831E2B9558006A1833 /* Base */,
			);
			name = LaunchScreen.storyboard;
			sourceTree = "<group>";
		};
/* End PBXVariantGroup section */

/* Begin XCBuildConfiguration section */
		FC0482861E2B9558006A1833 /* Debug */ = {
			isa = XCBuildConfiguration;
			buildSettings = {
				ALWAYS_SEARCH_USER_PATHS = NO;
				CLANG_ANALYZER_NONNULL = YES;
				CLANG_CXX_LANGUAGE_STANDARD = "gnu++0x";
				CLANG_CXX_LIBRARY = "libc++";
				CLANG_ENABLE_MODULES = YES;
				CLANG_ENABLE_OBJC_ARC = YES;
				CLANG_WARN_BOOL_CONVERSION = YES;
				CLANG_WARN_CONSTANT_CONVERSION = YES;
				CLANG_WARN_DIRECT_OBJC_ISA_USAGE = YES_ERROR;
				CLANG_WARN_DOCUMENTATION_COMMENTS = YES;
				CLANG_WARN_EMPTY_BODY = YES;
				CLANG_WARN_ENUM_CONVERSION = YES;
				CLANG_WARN_INFINITE_RECURSION = YES;
				CLANG_WARN_INT_CONVERSION = YES;
				CLANG_WARN_OBJC_ROOT_CLASS = YES_ERROR;
				CLANG_WARN_SUSPICIOUS_MOVE = YES;
				CLANG_WARN_UNREACHABLE_CODE = YES;
				CLANG_WARN__DUPLICATE_METHOD_MATCH = YES;
				"CODE_SIGN_IDENTITY[sdk=iphoneos*]" = "iPhone Developer";
				COPY_PHASE_STRIP = NO;
				DEBUG_INFORMATION_FORMAT = dwarf;
				ENABLE_STRICT_OBJC_MSGSEND = YES;
				ENABLE_TESTABILITY = YES;
				GCC_C_LANGUAGE_STANDARD = gnu99;
				GCC_DYNAMIC_NO_PIC = NO;
				GCC_NO_COMMON_BLOCKS = YES;
				GCC_OPTIMIZATION_LEVEL = 0;
				GCC_PREPROCESSOR_DEFINITIONS = (
					"DEBUG=1",
					"$(inherited)",
				);
				GCC_WARN_64_TO_32_BIT_CONVERSION = YES;
				GCC_WARN_ABOUT_RETURN_TYPE = YES_ERROR;
				GCC_WARN_UNDECLARED_SELECTOR = YES;
				GCC_WARN_UNINITIALIZED_AUTOS = YES_AGGRESSIVE;
				GCC_WARN_UNUSED_FUNCTION = YES;
				GCC_WARN_UNUSED_VARIABLE = YES;
				IPHONEOS_DEPLOYMENT_TARGET = 10.2;
				MTL_ENABLE_DEBUG_INFO = YES;
				ONLY_ACTIVE_ARCH = YES;
				SDKROOT = iphoneos;
				SWIFT_ACTIVE_COMPILATION_CONDITIONS = DEBUG;
				SWIFT_OPTIMIZATION_LEVEL = "-Onone";
			};
			name = Debug;
		};
		FC0482871E2B9558006A1833 /* Release */ = {
			isa = XCBuildConfiguration;
			buildSettings = {
				ALWAYS_SEARCH_USER_PATHS = NO;
				CLANG_ANALYZER_NONNULL = YES;
				CLANG_CXX_LANGUAGE_STANDARD = "gnu++0x";
				CLANG_CXX_LIBRARY = "libc++";
				CLANG_ENABLE_MODULES = YES;
				CLANG_ENABLE_OBJC_ARC = YES;
				CLANG_WARN_BOOL_CONVERSION = YES;
				CLANG_WARN_CONSTANT_CONVERSION = YES;
				CLANG_WARN_DIRECT_OBJC_ISA_USAGE = YES_ERROR;
				CLANG_WARN_DOCUMENTATION_COMMENTS = YES;
				CLANG_WARN_EMPTY_BODY = YES;
				CLANG_WARN_ENUM_CONVERSION = YES;
				CLANG_WARN_INFINITE_RECURSION = YES;
				CLANG_WARN_INT_CONVERSION = YES;
				CLANG_WARN_OBJC_ROOT_CLASS = YES_ERROR;
				CLANG_WARN_SUSPICIOUS_MOVE = YES;
				CLANG_WARN_UNREACHABLE_CODE = YES;
				CLANG_WARN__DUPLICATE_METHOD_MATCH = YES;
				"CODE_SIGN_IDENTITY[sdk=iphoneos*]" = "iPhone Developer";
				COPY_PHASE_STRIP = NO;
				DEBUG_INFORMATION_FORMAT = "dwarf-with-dsym";
				ENABLE_NS_ASSERTIONS = NO;
				ENABLE_STRICT_OBJC_MSGSEND = YES;
				GCC_C_LANGUAGE_STANDARD = gnu99;
				GCC_NO_COMMON_BLOCKS = YES;
				GCC_WARN_64_TO_32_BIT_CONVERSION = YES;
				GCC_WARN_ABOUT_RETURN_TYPE = YES_ERROR;
				GCC_WARN_UNDECLARED_SELECTOR = YES;
				GCC_WARN_UNINITIALIZED_AUTOS = YES_AGGRESSIVE;
				GCC_WARN_UNUSED_FUNCTION = YES;
				GCC_WARN_UNUSED_VARIABLE = YES;
				IPHONEOS_DEPLOYMENT_TARGET = 10.2;
				MTL_ENABLE_DEBUG_INFO = NO;
				SDKROOT = iphoneos;
				SWIFT_OPTIMIZATION_LEVEL = "-Owholemodule";
				VALIDATE_PRODUCT = YES;
			};
			name = Release;
		};
		FC0482891E2B9558006A1833 /* Debug */ = {
			isa = XCBuildConfiguration;
			buildSettings = {
				ASSETCATALOG_COMPILER_APPICON_NAME = AppIcon;
				DEVELOPMENT_TEAM = UACPD8D292;
				INFOPLIST_FILE = RoundedButton/Info.plist;
				LD_RUNPATH_SEARCH_PATHS = "$(inherited) @executable_path/Frameworks";
				PRODUCT_BUNDLE_IDENTIFIER = se.jagcesar.RoundedButton;
				PRODUCT_NAME = "$(TARGET_NAME)";
				SWIFT_VERSION = 3.0;
			};
			name = Debug;
		};
		FC04828A1E2B9558006A1833 /* Release */ = {
			isa = XCBuildConfiguration;
			buildSettings = {
				ASSETCATALOG_COMPILER_APPICON_NAME = AppIcon;
				DEVELOPMENT_TEAM = UACPD8D292;
				INFOPLIST_FILE = RoundedButton/Info.plist;
				LD_RUNPATH_SEARCH_PATHS = "$(inherited) @executable_path/Frameworks";
				PRODUCT_BUNDLE_IDENTIFIER = se.jagcesar.RoundedButton;
				PRODUCT_NAME = "$(TARGET_NAME)";
				SWIFT_VERSION = 3.0;
			};
			name = Release;
		};
/* End XCBuildConfiguration section */

/* Begin XCConfigurationList section */
		FC0482711E2B9558006A1833 /* Build configuration list for PBXProject "RoundedButton" */ = {
			isa = XCConfigurationList;
			buildConfigurations = (
				FC0482861E2B9558006A1833 /* Debug */,
				FC0482871E2B9558006A1833 /* Release */,
			);
			defaultConfigurationIsVisible = 0;
			defaultConfigurationName = Release;
		};
		FC0482881E2B9558006A1833 /* Build configuration list for PBXNativeTarget "RoundedButton" */ = {
			isa = XCConfigurationList;
			buildConfigurations = (
				FC0482891E2B9558006A1833 /* Debug */,
				FC04828A1E2B9558006A1833 /* Release */,
			);
			defaultConfigurationIsVisible = 0;
		};
/* End XCConfigurationList section */
	};
	rootObject = FC04826E1E2B9558006A1833 /* Project object */;
}
